
Microsoft Visual Studio Solution File, Format Version 12.00
# Visual Studio Version 16
VisualStudioVersion = 16.0.30011.22
MinimumVisualStudioVersion = 10.0.40219.1
Project("{FAE04EC0-301F-11D3-BF4B-00C04F79EFBC}") = "ControlAccesoChecadorKioskoASP", "ControlAccesoChecadorKioskoASP\ControlAccesoChecadorKioskoASP.csproj", "{4EA0BED4-24A5-4542-A85E-48734EA67925}"
EndProject
Global
	GlobalSection(SolutionConfigurationPlatforms) = preSolution
		Debug|Any CPU = Debug|Any CPU
		Release|Any CPU = Release|Any CPU
	EndGlobalSection
	GlobalSection(ProjectConfigurationPlatforms) = postSolution
		{4EA0BED4-24A5-4542-A85E-48734EA67925}.Debug|Any CPU.ActiveCfg = Debug|Any CPU
		{4EA0BED4-24A5-4542-A85E-48734EA67925}.Debug|Any CPU.Build.0 = Debug|Any CPU
		{4EA0BED4-24A5-4542-A85E-48734EA67925}.Release|Any CPU.ActiveCfg = Release|Any CPU
		{4EA0BED4-24A5-4542-A85E-48734EA67925}.Release|Any CPU.Build.0 = Release|Any CPU
	EndGlobalSection
	GlobalSection(SolutionProperties) = preSolution
		HideSolutionNode = FALSE
	EndGlobalSection
	GlobalSection(ExtensibilityGlobals) = postSolution
		SolutionGuid = {06CCA1D6-1CBC-4B40-93F4-81FE012ED941}
	EndGlobalSection
EndGlobal
